
Microsoft Visual Studio Solution File, Format Version 9.00
# Visual Studio 2005
Project("{FAE04EC0-301F-11D3-BF4B-00C04F79EFBC}") = "SerialProtocolLogger", "SerialProtocolLogger.csproj", "{1D22EB64-08F2-463F-AF16-62700B592271}"
	ProjectSection(ProjectDependencies) = postProject
		{3E83873F-8F61-4DBC-ACB5-5016DC68F698} = {3E83873F-8F61-4DBC-ACB5-5016DC68F698}
	EndProjectSection
EndProject
Project("{FAE04EC0-301F-11D3-BF4B-00C04F79EFBC}") = "CSUtils", "..\..\base\CSUtils\CSUtils.csproj", "{3E83873F-8F61-4DBC-ACB5-5016DC68F698}"
EndProject
Global
	GlobalSection(SolutionConfigurationPlatforms) = preSolution
		Debug|Any CPU = Debug|Any CPU
		Release|Any CPU = Release|Any CPU
	EndGlobalSection
	GlobalSection(ProjectConfigurationPlatforms) = postSolution
		{1D22EB64-08F2-463F-AF16-62700B592271}.Debug|Any CPU.ActiveCfg = Debug|Any CPU
		{1D22EB64-08F2-463F-AF16-62700B592271}.Debug|Any CPU.Build.0 = Debug|Any CPU
		{1D22EB64-08F2-463F-AF16-62700B592271}.Release|Any CPU.ActiveCfg = Release|Any CPU
		{1D22EB64-08F2-463F-AF16-62700B592271}.Release|Any CPU.Build.0 = Release|Any CPU
		{3E83873F-8F61-4DBC-ACB5-5016DC68F698}.Debug|Any CPU.ActiveCfg = Debug|Any CPU
		{3E83873F-8F61-4DBC-ACB5-5016DC68F698}.Debug|Any CPU.Build.0 = Debug|Any CPU
		{3E83873F-8F61-4DBC-ACB5-5016DC68F698}.Release|Any CPU.ActiveCfg = Release|Any CPU
		{3E83873F-8F61-4DBC-ACB5-5016DC68F698}.Release|Any CPU.Build.0 = Release|Any CPU
	EndGlobalSection
	GlobalSection(SolutionProperties) = preSolution
		HideSolutionNode = FALSE
	EndGlobalSection
EndGlobal
